// !$*UTF8*$!
{
	archiveVersion = 1;
	classes = {
	};
	objectVersion = 50;
	objects = {

/* Begin PBXBuildFile section */
		473DBD9FB8E250F50864CA65 /* Pods_LibraryCatalog.framework in Frameworks */ = {isa = PBXBuildFile; fileRef = F857827F1C313E8A86BD2885 /* Pods_LibraryCatalog.framework */; };
		59EB243F224F0E89006E9BB1 /* AppDelegate.swift in Sources */ = {isa = PBXBuildFile; fileRef = 59EB243E224F0E89006E9BB1 /* AppDelegate.swift */; };
		59EB2441224F0E89006E9BB1 /* ViewController.swift in Sources */ = {isa = PBXBuildFile; fileRef = 59EB2440224F0E89006E9BB1 /* ViewController.swift */; };
		59EB2443224F0E8A006E9BB1 /* Assets.xcassets in Resources */ = {isa = PBXBuildFile; fileRef = 59EB2442224F0E8A006E9BB1 /* Assets.xcassets */; };
		59EB2446224F0E8A006E9BB1 /* Main.storyboard in Resources */ = {isa = PBXBuildFile; fileRef = 59EB2444224F0E8A006E9BB1 /* Main.storyboard */; };
		59EB244F224F142E006E9BB1 /* SearchViewController.swift in Sources */ = {isa = PBXBuildFile; fileRef = 59EB244E224F142E006E9BB1 /* SearchViewController.swift */; };
		59EB245B224F19C8006E9BB1 /* bookCover.png in Resources */ = {isa = PBXBuildFile; fileRef = 59EB245A224F19C8006E9BB1 /* bookCover.png */; };
		59EB245D22503878006E9BB1 /* BookInfoViewController.swift in Sources */ = {isa = PBXBuildFile; fileRef = 59EB245C22503878006E9BB1 /* BookInfoViewController.swift */; };
		59FF53BB225950B90023D73D /* BookCard.swift in Sources */ = {isa = PBXBuildFile; fileRef = 59FF53BA225950B90023D73D /* BookCard.swift */; };
/* End PBXBuildFile section */

/* Begin PBXFileReference section */
		59EB243B224F0E89006E9BB1 /* LibraryCatalog.app */ = {isa = PBXFileReference; explicitFileType = wrapper.application; includeInIndex = 0; path = LibraryCatalog.app; sourceTree = BUILT_PRODUCTS_DIR; };
		59EB243E224F0E89006E9BB1 /* AppDelegate.swift */ = {isa = PBXFileReference; lastKnownFileType = sourcecode.swift; path = AppDelegate.swift; sourceTree = "<group>"; };
		59EB2440224F0E89006E9BB1 /* ViewController.swift */ = {isa = PBXFileReference; lastKnownFileType = sourcecode.swift; path = ViewController.swift; sourceTree = "<group>"; };
		59EB2442224F0E8A006E9BB1 /* Assets.xcassets */ = {isa = PBXFileReference; lastKnownFileType = folder.assetcatalog; path = Assets.xcassets; sourceTree = "<group>"; };
		59EB2445224F0E8A006E9BB1 /* Base */ = {isa = PBXFileReference; lastKnownFileType = file.storyboard; name = Base; path = Base.lproj/Main.storyboard; sourceTree = "<group>"; };
		59EB2447224F0E8A006E9BB1 /* Info.plist */ = {isa = PBXFileReference; lastKnownFileType = text.plist.xml; path = Info.plist; sourceTree = "<group>"; };
		59EB2448224F0E8A006E9BB1 /* LibraryCatalog.entitlements */ = {isa = PBXFileReference; lastKnownFileType = text.plist.entitlements; path = LibraryCatalog.entitlements; sourceTree = "<group>"; };
		59EB244E224F142E006E9BB1 /* SearchViewController.swift */ = {isa = PBXFileReference; lastKnownFileType = sourcecode.swift; path = SearchViewController.swift; sourceTree = "<group>"; };
		59EB245A224F19C8006E9BB1 /* bookCover.png */ = {isa = PBXFileReference; lastKnownFileType = image.png; path = bookCover.png; sourceTree = "<group>"; };
		59EB245C22503878006E9BB1 /* BookInfoViewController.swift */ = {isa = PBXFileReference; lastKnownFileType = sourcecode.swift; path = BookInfoViewController.swift; sourceTree = "<group>"; };
		59FF53BA225950B90023D73D /* BookCard.swift */ = {isa = PBXFileReference; lastKnownFileType = sourcecode.swift; path = BookCard.swift; sourceTree = "<group>"; };
		7A25AB347D07427C823449FE /* Pods-LibraryCatalog.debug.xcconfig */ = {isa = PBXFileReference; includeInIndex = 1; lastKnownFileType = text.xcconfig; name = "Pods-LibraryCatalog.debug.xcconfig"; path = "Target Support Files/Pods-LibraryCatalog/Pods-LibraryCatalog.debug.xcconfig"; sourceTree = "<group>"; };
		9B4587BF8DCF9E160656158D /* Pods-LibraryCatalog.release.xcconfig */ = {isa = PBXFileReference; includeInIndex = 1; lastKnownFileType = text.xcconfig; name = "Pods-LibraryCatalog.release.xcconfig"; path = "Target Support Files/Pods-LibraryCatalog/Pods-LibraryCatalog.release.xcconfig"; sourceTree = "<group>"; };
		F857827F1C313E8A86BD2885 /* Pods_LibraryCatalog.framework */ = {isa = PBXFileReference; explicitFileType = wrapper.framework; includeInIndex = 0; path = Pods_LibraryCatalog.framework; sourceTree = BUILT_PRODUCTS_DIR; };
/* End PBXFileReference section */

/* Begin PBXFrameworksBuildPhase section */
		59EB2438224F0E89006E9BB1 /* Frameworks */ = {
			isa = PBXFrameworksBuildPhase;
			buildActionMask = 2147483647;
			files = (
				473DBD9FB8E250F50864CA65 /* Pods_LibraryCatalog.framework in Frameworks */,
			);
			runOnlyForDeploymentPostprocessing = 0;
		};
/* End PBXFrameworksBuildPhase section */

/* Begin PBXGroup section */
		3E17F87DD8245942125807A8 /* Pods */ = {
			isa = PBXGroup;
			children = (
				7A25AB347D07427C823449FE /* Pods-LibraryCatalog.debug.xcconfig */,
				9B4587BF8DCF9E160656158D /* Pods-LibraryCatalog.release.xcconfig */,
			);
			path = Pods;
			sourceTree = "<group>";
		};
		53088CF0DFA155E0BBD5C4D1 /* Frameworks */ = {
			isa = PBXGroup;
			children = (
				F857827F1C313E8A86BD2885 /* Pods_LibraryCatalog.framework */,
			);
			name = Frameworks;
			sourceTree = "<group>";
		};
		59EB2432224F0E89006E9BB1 = {
			isa = PBXGroup;
			children = (
				59EB243D224F0E89006E9BB1 /* LibraryCatalog */,
				59EB243C224F0E89006E9BB1 /* Products */,
				3E17F87DD8245942125807A8 /* Pods */,
				53088CF0DFA155E0BBD5C4D1 /* Frameworks */,
			);
			sourceTree = "<group>";
		};
		59EB243C224F0E89006E9BB1 /* Products */ = {
			isa = PBXGroup;
			children = (
				59EB243B224F0E89006E9BB1 /* LibraryCatalog.app */,
			);
			name = Products;
			sourceTree = "<group>";
		};
		59EB243D224F0E89006E9BB1 /* LibraryCatalog */ = {
			isa = PBXGroup;
			children = (
				59EB243E224F0E89006E9BB1 /* AppDelegate.swift */,
				59EB2440224F0E89006E9BB1 /* ViewController.swift */,
				59EB244E224F142E006E9BB1 /* SearchViewController.swift */,
				59FF53BA225950B90023D73D /* BookCard.swift */,
				59EB245C22503878006E9BB1 /* BookInfoViewController.swift */,
				59EB2442224F0E8A006E9BB1 /* Assets.xcassets */,
				59EB2444224F0E8A006E9BB1 /* Main.storyboard */,
				59EB2447224F0E8A006E9BB1 /* Info.plist */,
				59EB245A224F19C8006E9BB1 /* bookCover.png */,
				59EB2448224F0E8A006E9BB1 /* LibraryCatalog.entitlements */,
			);
			path = LibraryCatalog;
			sourceTree = "<group>";
		};
/* End PBXGroup section */

/* Begin PBXNativeTarget section */
		59EB243A224F0E89006E9BB1 /* LibraryCatalog */ = {
			isa = PBXNativeTarget;
			buildConfigurationList = 59EB244B224F0E8A006E9BB1 /* Build configuration list for PBXNativeTarget "LibraryCatalog" */;
			buildPhases = (
				1CFB72DD41D85DAE43A60C43 /* [CP] Check Pods Manifest.lock */,
				59EB2437224F0E89006E9BB1 /* Sources */,
				59EB2438224F0E89006E9BB1 /* Frameworks */,
				59EB2439224F0E89006E9BB1 /* Resources */,
				A69FAFE569F67DC6433B6138 /* [CP] Embed Pods Frameworks */,
			);
			buildRules = (
			);
			dependencies = (
			);
			name = LibraryCatalog;
			productName = LibraryCatalog;
			productReference = 59EB243B224F0E89006E9BB1 /* LibraryCatalog.app */;
			productType = "com.apple.product-type.application";
		};
/* End PBXNativeTarget section */

/* Begin PBXProject section */
		59EB2433224F0E89006E9BB1 /* Project object */ = {
			isa = PBXProject;
			attributes = {
				LastSwiftUpdateCheck = 1010;
				LastUpgradeCheck = 1010;
				ORGANIZATIONNAME = "Haley Hagler";
				TargetAttributes = {
					59EB243A224F0E89006E9BB1 = {
						CreatedOnToolsVersion = 10.1;
					};
				};
			};
			buildConfigurationList = 59EB2436224F0E89006E9BB1 /* Build configuration list for PBXProject "LibraryCatalog" */;
			compatibilityVersion = "Xcode 9.3";
			developmentRegion = en;
			hasScannedForEncodings = 0;
			knownRegions = (
				en,
				Base,
			);
			mainGroup = 59EB2432224F0E89006E9BB1;
			productRefGroup = 59EB243C224F0E89006E9BB1 /* Products */;
			projectDirPath = "";
			projectRoot = "";
			targets = (
				59EB243A224F0E89006E9BB1 /* LibraryCatalog */,
			);
		};
/* End PBXProject section */

/* Begin PBXResourcesBuildPhase section */
		59EB2439224F0E89006E9BB1 /* Resources */ = {
			isa = PBXResourcesBuildPhase;
			buildActionMask = 2147483647;
			files = (
				59EB2443224F0E8A006E9BB1 /* Assets.xcassets in Resources */,
				59EB245B224F19C8006E9BB1 /* bookCover.png in Resources */,
				59EB2446224F0E8A006E9BB1 /* Main.storyboard in Resources */,
			);
			runOnlyForDeploymentPostprocessing = 0;
		};
/* End PBXResourcesBuildPhase section */

/* Begin PBXShellScriptBuildPhase section */
		1CFB72DD41D85DAE43A60C43 /* [CP] Check Pods Manifest.lock */ = {
			isa = PBXShellScriptBuildPhase;
			buildActionMask = 2147483647;
			files = (
			);
			inputFileListPaths = (
			);
			inputPaths = (
				"${PODS_PODFILE_DIR_PATH}/Podfile.lock",
				"${PODS_ROOT}/Manifest.lock",
			);
			name = "[CP] Check Pods Manifest.lock";
			outputFileListPaths = (
			);
			outputPaths = (
				"$(DERIVED_FILE_DIR)/Pods-LibraryCatalog-checkManifestLockResult.txt",
			);
			runOnlyForDeploymentPostprocessing = 0;
			shellPath = /bin/sh;
			shellScript = "diff \"${PODS_PODFILE_DIR_PATH}/Podfile.lock\" \"${PODS_ROOT}/Manifest.lock\" > /dev/null\nif [ $? != 0 ] ; then\n    # print error to STDERR\n    echo \"error: The sandbox is not in sync with the Podfile.lock. Run 'pod install' or update your CocoaPods installation.\" >&2\n    exit 1\nfi\n# This output is used by Xcode 'outputs' to avoid re-running this script phase.\necho \"SUCCESS\" > \"${SCRIPT_OUTPUT_FILE_0}\"\n";
			showEnvVarsInLog = 0;
		};
		A69FAFE569F67DC6433B6138 /* [CP] Embed Pods Frameworks */ = {
			isa = PBXShellScriptBuildPhase;
			buildActionMask = 2147483647;
			files = (
			);
			inputFileListPaths = (
			);
			inputPaths = (
				"${PODS_ROOT}/Target Support Files/Pods-LibraryCatalog/Pods-LibraryCatalog-frameworks.sh",
				"${BUILT_PRODUCTS_DIR}/Alamofire/Alamofire.framework",
				"${BUILT_PRODUCTS_DIR}/AlamofireImage/AlamofireImage.framework",
				"${BUILT_PRODUCTS_DIR}/SwiftyJSON/SwiftyJSON.framework",
			);
			name = "[CP] Embed Pods Frameworks";
			outputFileListPaths = (
			);
			outputPaths = (
				"${TARGET_BUILD_DIR}/${FRAMEWORKS_FOLDER_PATH}/Alamofire.framework",
				"${TARGET_BUILD_DIR}/${FRAMEWORKS_FOLDER_PATH}/AlamofireImage.framework",
				"${TARGET_BUILD_DIR}/${FRAMEWORKS_FOLDER_PATH}/SwiftyJSON.framework",
			);
			runOnlyForDeploymentPostprocessing = 0;
			shellPath = /bin/sh;
			shellScript = "\"${PODS_ROOT}/Target Support Files/Pods-LibraryCatalog/Pods-LibraryCatalog-frameworks.sh\"\n";
			showEnvVarsInLog = 0;
		};
/* End PBXShellScriptBuildPhase section */

/* Begin PBXSourcesBuildPhase section */
		59EB2437224F0E89006E9BB1 /* Sources */ = {
			isa = PBXSourcesBuildPhase;
			buildActionMask = 2147483647;
			files = (
				59FF53BB225950B90023D73D /* BookCard.swift in Sources */,
				59EB244F224F142E006E9BB1 /* SearchViewController.swift in Sources */,
				59EB245D22503878006E9BB1 /* BookInfoViewController.swift in Sources */,
				59EB2441224F0E89006E9BB1 /* ViewController.swift in Sources */,
				59EB243F224F0E89006E9BB1 /* AppDelegate.swift in Sources */,
			);
			runOnlyForDeploymentPostprocessing = 0;
		};
/* End PBXSourcesBuildPhase section */

/* Begin PBXVariantGroup section */
		59EB2444224F0E8A006E9BB1 /* Main.storyboard */ = {
			isa = PBXVariantGroup;
			children = (
				59EB2445224F0E8A006E9BB1 /* Base */,
			);
			name = Main.storyboard;
			sourceTree = "<group>";
		};
/* End PBXVariantGroup section */

/* Begin XCBuildConfiguration section */
		59EB2449224F0E8A006E9BB1 /* Debug */ = {
			isa = XCBuildConfiguration;
			buildSettings = {
				ALWAYS_SEARCH_USER_PATHS = NO;
				CLANG_ANALYZER_NONNULL = YES;
				CLANG_ANALYZER_NUMBER_OBJECT_CONVERSION = YES_AGGRESSIVE;
				CLANG_CXX_LANGUAGE_STANDARD = "gnu++14";
				CLANG_CXX_LIBRARY = "libc++";
				CLANG_ENABLE_MODULES = YES;
				CLANG_ENABLE_OBJC_ARC = YES;
				CLANG_ENABLE_OBJC_WEAK = YES;
				CLANG_WARN_BLOCK_CAPTURE_AUTORELEASING = YES;
				CLANG_WARN_BOOL_CONVERSION = YES;
				CLANG_WARN_COMMA = YES;
				CLANG_WARN_CONSTANT_CONVERSION = YES;
				CLANG_WARN_DEPRECATED_OBJC_IMPLEMENTATIONS = YES;
				CLANG_WARN_DIRECT_OBJC_ISA_USAGE = YES_ERROR;
				CLANG_WARN_DOCUMENTATION_COMMENTS = YES;
				CLANG_WARN_EMPTY_BODY = YES;
				CLANG_WARN_ENUM_CONVERSION = YES;
				CLANG_WARN_INFINITE_RECURSION = YES;
				CLANG_WARN_INT_CONVERSION = YES;
				CLANG_WARN_NON_LITERAL_NULL_CONVERSION = YES;
				CLANG_WARN_OBJC_IMPLICIT_RETAIN_SELF = YES;
				CLANG_WARN_OBJC_LITERAL_CONVERSION = YES;
				CLANG_WARN_OBJC_ROOT_CLASS = YES_ERROR;
				CLANG_WARN_RANGE_LOOP_ANALYSIS = YES;
				CLANG_WARN_STRICT_PROTOTYPES = YES;
				CLANG_WARN_SUSPICIOUS_MOVE = YES;
				CLANG_WARN_UNGUARDED_AVAILABILITY = YES_AGGRESSIVE;
				CLANG_WARN_UNREACHABLE_CODE = YES;
				CLANG_WARN__DUPLICATE_METHOD_MATCH = YES;
				CODE_SIGN_IDENTITY = "-";
				COPY_PHASE_STRIP = NO;
				DEBUG_INFORMATION_FORMAT = dwarf;
				ENABLE_STRICT_OBJC_MSGSEND = YES;
				ENABLE_TESTABILITY = YES;
				GCC_C_LANGUAGE_STANDARD = gnu11;
				GCC_DYNAMIC_NO_PIC = NO;
				GCC_NO_COMMON_BLOCKS = YES;
				GCC_OPTIMIZATION_LEVEL = 0;
				GCC_PREPROCESSOR_DEFINITIONS = (
					"DEBUG=1",
					"$(inherited)",
				);
				GCC_WARN_64_TO_32_BIT_CONVERSION = YES;
				GCC_WARN_ABOUT_RETURN_TYPE = YES_ERROR;
				GCC_WARN_UNDECLARED_SELECTOR = YES;
				GCC_WARN_UNINITIALIZED_AUTOS = YES_AGGRESSIVE;
				GCC_WARN_UNUSED_FUNCTION = YES;
				GCC_WARN_UNUSED_VARIABLE = YES;
				MACOSX_DEPLOYMENT_TARGET = 10.14;
				MTL_ENABLE_DEBUG_INFO = INCLUDE_SOURCE;
				MTL_FAST_MATH = YES;
				ONLY_ACTIVE_ARCH = YES;
				SDKROOT = macosx;
				SWIFT_ACTIVE_COMPILATION_CONDITIONS = DEBUG;
				SWIFT_OPTIMIZATION_LEVEL = "-Onone";
			};
			name = Debug;
		};
		59EB244A224F0E8A006E9BB1 /* Release */ = {
			isa = XCBuildConfiguration;
			buildSettings = {
				ALWAYS_SEARCH_USER_PATHS = NO;
				CLANG_ANALYZER_NONNULL = YES;
				CLANG_ANALYZER_NUMBER_OBJECT_CONVERSION = YES_AGGRESSIVE;
				CLANG_CXX_LANGUAGE_STANDARD = "gnu++14";
				CLANG_CXX_LIBRARY = "libc++";
				CLANG_ENABLE_MODULES = YES;
				CLANG_ENABLE_OBJC_ARC = YES;
				CLANG_ENABLE_OBJC_WEAK = YES;
				CLANG_WARN_BLOCK_CAPTURE_AUTORELEASING = YES;
				CLANG_WARN_BOOL_CONVERSION = YES;
				CLANG_WARN_COMMA = YES;
				CLANG_WARN_CONSTANT_CONVERSION = YES;
				CLANG_WARN_DEPRECATED_OBJC_IMPLEMENTATIONS = YES;
				CLANG_WARN_DIRECT_OBJC_ISA_USAGE = YES_ERROR;
				CLANG_WARN_DOCUMENTATION_COMMENTS = YES;
				CLANG_WARN_EMPTY_BODY = YES;
				CLANG_WARN_ENUM_CONVERSION = YES;
				CLANG_WARN_INFINITE_RECURSION = YES;
				CLANG_WARN_INT_CONVERSION = YES;
				CLANG_WARN_NON_LITERAL_NULL_CONVERSION = YES;
				CLANG_WARN_OBJC_IMPLICIT_RETAIN_SELF = YES;
				CLANG_WARN_OBJC_LITERAL_CONVERSION = YES;
				CLANG_WARN_OBJC_ROOT_CLASS = YES_ERROR;
				CLANG_WARN_RANGE_LOOP_ANALYSIS = YES;
				CLANG_WARN_STRICT_PROTOTYPES = YES;
				CLANG_WARN_SUSPICIOUS_MOVE = YES;
				CLANG_WARN_UNGUARDED_AVAILABILITY = YES_AGGRESSIVE;
				CLANG_WARN_UNREACHABLE_CODE = YES;
				CLANG_WARN__DUPLICATE_METHOD_MATCH = YES;
				CODE_SIGN_IDENTITY = "-";
				COPY_PHASE_STRIP = NO;
				DEBUG_INFORMATION_FORMAT = "dwarf-with-dsym";
				ENABLE_NS_ASSERTIONS = NO;
				ENABLE_STRICT_OBJC_MSGSEND = YES;
				GCC_C_LANGUAGE_STANDARD = gnu11;
				GCC_NO_COMMON_BLOCKS = YES;
				GCC_WARN_64_TO_32_BIT_CONVERSION = YES;
				GCC_WARN_ABOUT_RETURN_TYPE = YES_ERROR;
				GCC_WARN_UNDECLARED_SELECTOR = YES;
				GCC_WARN_UNINITIALIZED_AUTOS = YES_AGGRESSIVE;
				GCC_WARN_UNUSED_FUNCTION = YES;
				GCC_WARN_UNUSED_VARIABLE = YES;
				MACOSX_DEPLOYMENT_TARGET = 10.14;
				MTL_ENABLE_DEBUG_INFO = NO;
				MTL_FAST_MATH = YES;
				SDKROOT = macosx;
				SWIFT_COMPILATION_MODE = wholemodule;
				SWIFT_OPTIMIZATION_LEVEL = "-O";
			};
			name = Release;
		};
		59EB244C224F0E8A006E9BB1 /* Debug */ = {
			isa = XCBuildConfiguration;
			baseConfigurationReference = 7A25AB347D07427C823449FE /* Pods-LibraryCatalog.debug.xcconfig */;
			buildSettings = {
				ASSETCATALOG_COMPILER_APPICON_NAME = AppIcon;
				CODE_SIGN_ENTITLEMENTS = LibraryCatalog/LibraryCatalog.entitlements;
				CODE_SIGN_STYLE = Automatic;
				COMBINE_HIDPI_IMAGES = YES;
				INFOPLIST_FILE = LibraryCatalog/Info.plist;
				LD_RUNPATH_SEARCH_PATHS = (
					"$(inherited)",
					"@executable_path/../Frameworks",
				);
				PRODUCT_BUNDLE_IDENTIFIER = com.HaleyHagler.LibraryCatalog;
				PRODUCT_NAME = "$(TARGET_NAME)";
				SWIFT_VERSION = 4.2;
			};
			name = Debug;
		};
		59EB244D224F0E8A006E9BB1 /* Release */ = {
			isa = XCBuildConfiguration;
			baseConfigurationReference = 9B4587BF8DCF9E160656158D /* Pods-LibraryCatalog.release.xcconfig */;
			buildSettings = {
				ASSETCATALOG_COMPILER_APPICON_NAME = AppIcon;
				CODE_SIGN_ENTITLEMENTS = LibraryCatalog/LibraryCatalog.entitlements;
				CODE_SIGN_STYLE = Automatic;
				COMBINE_HIDPI_IMAGES = YES;
				INFOPLIST_FILE = LibraryCatalog/Info.plist;
				LD_RUNPATH_SEARCH_PATHS = (
					"$(inherited)",
					"@executable_path/../Frameworks",
				);
				PRODUCT_BUNDLE_IDENTIFIER = com.HaleyHagler.LibraryCatalog;
				PRODUCT_NAME = "$(TARGET_NAME)";
				SWIFT_VERSION = 4.2;
			};
			name = Release;
		};
/* End XCBuildConfiguration section */

/* Begin XCConfigurationList section */
		59EB2436224F0E89006E9BB1 /* Build configuration list for PBXProject "LibraryCatalog" */ = {
			isa = XCConfigurationList;
			buildConfigurations = (
				59EB2449224F0E8A006E9BB1 /* Debug */,
				59EB244A224F0E8A006E9BB1 /* Release */,
			);
			defaultConfigurationIsVisible = 0;
			defaultConfigurationName = Release;
		};
		59EB244B224F0E8A006E9BB1 /* Build configuration list for PBXNativeTarget "LibraryCatalog" */ = {
			isa = XCConfigurationList;
			buildConfigurations = (
				59EB244C224F0E8A006E9BB1 /* Debug */,
				59EB244D224F0E8A006E9BB1 /* Release */,
			);
			defaultConfigurationIsVisible = 0;
			defaultConfigurationName = Release;
		};
/* End XCConfigurationList section */
	};
	rootObject = 59EB2433224F0E89006E9BB1 /* Project object */;
}
